
Microsoft Visual Studio Solution File, Format Version 12.00
# Visual Studio 15
VisualStudioVersion = 15.0.28307.757
MinimumVisualStudioVersion = 10.0.40219.1
Project("{8BC9CEB8-8B4A-11D0-8D11-00A0C91BC942}") = "0918_TCP_Server", "0918_SERVER_01.vcxproj", "{45865D01-66A3-4664-98F0-F93954012F93}"
EndProject
Project("{8BC9CEB8-8B4A-11D0-8D11-00A0C91BC942}") = "0919_TCP_SocketIO", "0919_TCP_SocketIO\0919_TCP_SocketIO.vcxproj", "{A9E165ED-FBA7-4D3F-960C-B628AC3921B5}"
EndProject
Project("{8BC9CEB8-8B4A-11D0-8D11-00A0C91BC942}") = "0919_AsyncSeletTCP_Server", "0919_AsyncSeletTCP_Server\0919_AsyncSeletTCP_Server.vcxproj", "{75BF7D73-39EA-4C28-9896-B528CCD406DB}"
EndProject
Project("{8BC9CEB8-8B4A-11D0-8D11-00A0C91BC942}") = "0919_UDP_Server_01_Start", "0919_UDP_Server_01_Start\0919_UDP_Server_01_Start.vcxproj", "{EDAAC5BC-B727-4BD0-99E3-4D0DB65999CB}"
EndProject
Project("{8BC9CEB8-8B4A-11D0-8D11-00A0C91BC942}") = "AsysncClient", "AsysncClient\AsysncClient\AsysncClient.vcxproj", "{6A04CD05-FDE1-4588-99E0-43357CF5FA37}"
EndProject
Project("{8BC9CEB8-8B4A-11D0-8D11-00A0C91BC942}") = "AsysncServer", "AsysncServer\AsysncServer\AsysncServer.vcxproj", "{899BDE31-4184-4C9D-A38D-A6D2B59B9034}"
EndProject
Project("{8BC9CEB8-8B4A-11D0-8D11-00A0C91BC942}") = "1004_Overlapped_Model", "1004_Overlapped_Model\1004_Overlapped_Model.vcxproj", "{FED79B9D-6A7B-4F62-A68A-540FE422368D}"
EndProject
Project("{8BC9CEB8-8B4A-11D0-8D11-00A0C91BC942}") = "1004_CompletionPort_Model", "1004_CompletionPort_Model\1004_CompletionPort_Model.vcxproj", "{464A65A2-397E-49BA-A408-563DB2A27898}"
EndProject
Global
	GlobalSection(SolutionConfigurationPlatforms) = preSolution
		Debug|x64 = Debug|x64
		Debug|x86 = Debug|x86
		Release|x64 = Release|x64
		Release|x86 = Release|x86
	EndGlobalSection
	GlobalSection(ProjectConfigurationPlatforms) = postSolution
		{45865D01-66A3-4664-98F0-F93954012F93}.Debug|x64.ActiveCfg = Debug|x64
		{45865D01-66A3-4664-98F0-F93954012F93}.Debug|x64.Build.0 = Debug|x64
		{45865D01-66A3-4664-98F0-F93954012F93}.Debug|x86.ActiveCfg = Debug|Win32
		{45865D01-66A3-4664-98F0-F93954012F93}.Debug|x86.Build.0 = Debug|Win32
		{45865D01-66A3-4664-98F0-F93954012F93}.Release|x64.ActiveCfg = Release|x64
		{45865D01-66A3-4664-98F0-F93954012F93}.Release|x64.Build.0 = Release|x64
		{45865D01-66A3-4664-98F0-F93954012F93}.Release|x86.ActiveCfg = Release|Win32
		{45865D01-66A3-4664-98F0-F93954012F93}.Release|x86.Build.0 = Release|Win32
		{A9E165ED-FBA7-4D3F-960C-B628AC3921B5}.Debug|x64.ActiveCfg = Debug|x64
		{A9E165ED-FBA7-4D3F-960C-B628AC3921B5}.Debug|x64.Build.0 = Debug|x64
		{A9E165ED-FBA7-4D3F-960C-B628AC3921B5}.Debug|x86.ActiveCfg = Debug|Win32
		{A9E165ED-FBA7-4D3F-960C-B628AC3921B5}.Debug|x86.Build.0 = Debug|Win32
		{A9E165ED-FBA7-4D3F-960C-B628AC3921B5}.Release|x64.ActiveCfg = Release|x64
		{A9E165ED-FBA7-4D3F-960C-B628AC3921B5}.Release|x64.Build.0 = Release|x64
		{A9E165ED-FBA7-4D3F-960C-B628AC3921B5}.Release|x86.ActiveCfg = Release|Win32
		{A9E165ED-FBA7-4D3F-960C-B628AC3921B5}.Release|x86.Build.0 = Release|Win32
		{75BF7D73-39EA-4C28-9896-B528CCD406DB}.Debug|x64.ActiveCfg = Debug|x64
		{75BF7D73-39EA-4C28-9896-B528CCD406DB}.Debug|x64.Build.0 = Debug|x64
		{75BF7D73-39EA-4C28-9896-B528CCD406DB}.Debug|x86.ActiveCfg = Debug|Win32
		{75BF7D73-39EA-4C28-9896-B528CCD406DB}.Debug|x86.Build.0 = Debug|Win32
		{75BF7D73-39EA-4C28-9896-B528CCD406DB}.Release|x64.ActiveCfg = Release|x64
		{75BF7D73-39EA-4C28-9896-B528CCD406DB}.Release|x64.Build.0 = Release|x64
		{75BF7D73-39EA-4C28-9896-B528CCD406DB}.Release|x86.ActiveCfg = Release|Win32
		{75BF7D73-39EA-4C28-9896-B528CCD406DB}.Release|x86.Build.0 = Release|Win32
		{EDAAC5BC-B727-4BD0-99E3-4D0DB65999CB}.Debug|x64.ActiveCfg = Debug|x64
		{EDAAC5BC-B727-4BD0-99E3-4D0DB65999CB}.Debug|x64.Build.0 = Debug|x64
		{EDAAC5BC-B727-4BD0-99E3-4D0DB65999CB}.Debug|x86.ActiveCfg = Debug|Win32
		{EDAAC5BC-B727-4BD0-99E3-4D0DB65999CB}.Debug|x86.Build.0 = Debug|Win32
		{EDAAC5BC-B727-4BD0-99E3-4D0DB65999CB}.Release|x64.ActiveCfg = Release|x64
		{EDAAC5BC-B727-4BD0-99E3-4D0DB65999CB}.Release|x64.Build.0 = Release|x64
		{EDAAC5BC-B727-4BD0-99E3-4D0DB65999CB}.Release|x86.ActiveCfg = Release|Win32
		{EDAAC5BC-B727-4BD0-99E3-4D0DB65999CB}.Release|x86.Build.0 = Release|Win32
		{6A04CD05-FDE1-4588-99E0-43357CF5FA37}.Debug|x64.ActiveCfg = Debug|x64
		{6A04CD05-FDE1-4588-99E0-43357CF5FA37}.Debug|x64.Build.0 = Debug|x64
		{6A04CD05-FDE1-4588-99E0-43357CF5FA37}.Debug|x86.ActiveCfg = Debug|Win32
		{6A04CD05-FDE1-4588-99E0-43357CF5FA37}.Debug|x86.Build.0 = Debug|Win32
		{6A04CD05-FDE1-4588-99E0-43357CF5FA37}.Release|x64.ActiveCfg = Release|x64
		{6A04CD05-FDE1-4588-99E0-43357CF5FA37}.Release|x64.Build.0 = Release|x64
		{6A04CD05-FDE1-4588-99E0-43357CF5FA37}.Release|x86.ActiveCfg = Release|Win32
		{6A04CD05-FDE1-4588-99E0-43357CF5FA37}.Release|x86.Build.0 = Release|Win32
		{899BDE31-4184-4C9D-A38D-A6D2B59B9034}.Debug|x64.ActiveCfg = Debug|x64
		{899BDE31-4184-4C9D-A38D-A6D2B59B9034}.Debug|x64.Build.0 = Debug|x64
		{899BDE31-4184-4C9D-A38D-A6D2B59B9034}.Debug|x86.ActiveCfg = Debug|Win32
		{899BDE31-4184-4C9D-A38D-A6D2B59B9034}.Debug|x86.Build.0 = Debug|Win32
		{899BDE31-4184-4C9D-A38D-A6D2B59B9034}.Release|x64.ActiveCfg = Release|x64
		{899BDE31-4184-4C9D-A38D-A6D2B59B9034}.Release|x64.Build.0 = Release|x64
		{899BDE31-4184-4C9D-A38D-A6D2B59B9034}.Release|x86.ActiveCfg = Release|Win32
		{899BDE31-4184-4C9D-A38D-A6D2B59B9034}.Release|x86.Build.0 = Release|Win32
		{FED79B9D-6A7B-4F62-A68A-540FE422368D}.Debug|x64.ActiveCfg = Debug|x64
		{FED79B9D-6A7B-4F62-A68A-540FE422368D}.Debug|x64.Build.0 = Debug|x64
		{FED79B9D-6A7B-4F62-A68A-540FE422368D}.Debug|x86.ActiveCfg = Debug|Win32
		{FED79B9D-6A7B-4F62-A68A-540FE422368D}.Debug|x86.Build.0 = Debug|Win32
		{FED79B9D-6A7B-4F62-A68A-540FE422368D}.Release|x64.ActiveCfg = Release|x64
		{FED79B9D-6A7B-4F62-A68A-540FE422368D}.Release|x64.Build.0 = Release|x64
		{FED79B9D-6A7B-4F62-A68A-540FE422368D}.Release|x86.ActiveCfg = Release|Win32
		{FED79B9D-6A7B-4F62-A68A-540FE422368D}.Release|x86.Build.0 = Release|Win32
		{464A65A2-397E-49BA-A408-563DB2A27898}.Debug|x64.ActiveCfg = Debug|x64
		{464A65A2-397E-49BA-A408-563DB2A27898}.Debug|x64.Build.0 = Debug|x64
		{464A65A2-397E-49BA-A408-563DB2A27898}.Debug|x86.ActiveCfg = Debug|Win32
		{464A65A2-397E-49BA-A408-563DB2A27898}.Debug|x86.Build.0 = Debug|Win32
		{464A65A2-397E-49BA-A408-563DB2A27898}.Release|x64.ActiveCfg = Release|x64
		{464A65A2-397E-49BA-A408-563DB2A27898}.Release|x64.Build.0 = Release|x64
		{464A65A2-397E-49BA-A408-563DB2A27898}.Release|x86.ActiveCfg = Release|Win32
		{464A65A2-397E-49BA-A408-563DB2A27898}.Release|x86.Build.0 = Release|Win32
	EndGlobalSection
	GlobalSection(SolutionProperties) = preSolution
		HideSolutionNode = FALSE
	EndGlobalSection
	GlobalSection(ExtensibilityGlobals) = postSolution
		SolutionGuid = {A6C29AB5-33AD-4AA4-9B42-32E47D3644C4}
	EndGlobalSection
EndGlobal
